
Microsoft Visual Studio Solution File, Format Version 12.00
# Visual Studio 2012
Project("{FAE04EC0-301F-11D3-BF4B-00C04F79EFBC}") = "DotNetGUI", "DotNetGUI.csproj", "{D8A90F3E-33AF-4C56-96E2-BDF9729D1685}"
EndProject
Project("{FAE04EC0-301F-11D3-BF4B-00C04F79EFBC}") = "DotNetGUI.Test", "..\DotNetGUI.Test\DotNetGUI.Test.csproj", "{7C1A1717-B4D5-4CF8-86E8-2FF092643248}"
EndProject
Project("{2150E333-8FDC-42A3-9474-1A3956D46DE8}") = "Solution Items", "Solution Items", "{35DD1234-D75F-4BBE-8D51-BD98B1746CE3}"
	ProjectSection(SolutionItems) = preProject
		DotNetGUI.vsmdi = DotNetGUI.vsmdi
		TestSettings.testsettings = TestSettings.testsettings
	EndProjectSection
EndProject
Global
	GlobalSection(TestCaseManagementSettings) = postSolution
		CategoryFile = DotNetGUI.vsmdi
	EndGlobalSection
	GlobalSection(SolutionConfigurationPlatforms) = preSolution
		Debug|Any CPU = Debug|Any CPU
		Release|Any CPU = Release|Any CPU
	EndGlobalSection
	GlobalSection(ProjectConfigurationPlatforms) = postSolution
		{D8A90F3E-33AF-4C56-96E2-BDF9729D1685}.Debug|Any CPU.ActiveCfg = Debug|Any CPU
		{D8A90F3E-33AF-4C56-96E2-BDF9729D1685}.Debug|Any CPU.Build.0 = Debug|Any CPU
		{D8A90F3E-33AF-4C56-96E2-BDF9729D1685}.Release|Any CPU.ActiveCfg = Release|Any CPU
		{D8A90F3E-33AF-4C56-96E2-BDF9729D1685}.Release|Any CPU.Build.0 = Release|Any CPU
		{7C1A1717-B4D5-4CF8-86E8-2FF092643248}.Debug|Any CPU.ActiveCfg = Debug|Any CPU
		{7C1A1717-B4D5-4CF8-86E8-2FF092643248}.Debug|Any CPU.Build.0 = Debug|Any CPU
		{7C1A1717-B4D5-4CF8-86E8-2FF092643248}.Release|Any CPU.ActiveCfg = Release|Any CPU
		{7C1A1717-B4D5-4CF8-86E8-2FF092643248}.Release|Any CPU.Build.0 = Release|Any CPU
	EndGlobalSection
	GlobalSection(SolutionProperties) = preSolution
		HideSolutionNode = FALSE
	EndGlobalSection
EndGlobal
